// !$*UTF8*$!
{
	archiveVersion = 1;
	classes = {
	};
	objectVersion = 50;
	objects = {

/* Begin PBXBuildFile section */
		95DBF1DA24AA07A60009DD0A /* SwiftUIPlayListApp.swift in Sources */ = {isa = PBXBuildFile; fileRef = 95DBF1D924AA07A60009DD0A /* SwiftUIPlayListApp.swift */; };
		95DBF1DC24AA07A60009DD0A /* ContentView.swift in Sources */ = {isa = PBXBuildFile; fileRef = 95DBF1DB24AA07A60009DD0A /* ContentView.swift */; };
		95DBF1DE24AA07A80009DD0A /* Assets.xcassets in Resources */ = {isa = PBXBuildFile; fileRef = 95DBF1DD24AA07A80009DD0A /* Assets.xcassets */; };
		95DBF1E124AA07A80009DD0A /* Preview Assets.xcassets in Resources */ = {isa = PBXBuildFile; fileRef = 95DBF1E024AA07A80009DD0A /* Preview Assets.xcassets */; };
		95DBF1EA24AA07E30009DD0A /* CountingCharsInTextField.swift in Sources */ = {isa = PBXBuildFile; fileRef = 95DBF1E924AA07E30009DD0A /* CountingCharsInTextField.swift */; };
		95DBF1EC24AA0BF30009DD0A /* PlanetOrbitGeometryEffect.swift in Sources */ = {isa = PBXBuildFile; fileRef = 95DBF1EB24AA0BF30009DD0A /* PlanetOrbitGeometryEffect.swift */; };
		95DBF1EE24AA15FF0009DD0A /* ShakeGeometryEffect.swift in Sources */ = {isa = PBXBuildFile; fileRef = 95DBF1ED24AA15FF0009DD0A /* ShakeGeometryEffect.swift */; };
		95DBF1F124AA23510009DD0A /* CreateHyperLinks.swift in Sources */ = {isa = PBXBuildFile; fileRef = 95DBF1F024AA23510009DD0A /* CreateHyperLinks.swift */; };
/* End PBXBuildFile section */

/* Begin PBXFileReference section */
		95DBF1D624AA07A60009DD0A /* SwiftUIPlayList.app */ = {isa = PBXFileReference; explicitFileType = wrapper.application; includeInIndex = 0; path = SwiftUIPlayList.app; sourceTree = BUILT_PRODUCTS_DIR; };
		95DBF1D924AA07A60009DD0A /* SwiftUIPlayListApp.swift */ = {isa = PBXFileReference; lastKnownFileType = sourcecode.swift; path = SwiftUIPlayListApp.swift; sourceTree = "<group>"; };
		95DBF1DB24AA07A60009DD0A /* ContentView.swift */ = {isa = PBXFileReference; lastKnownFileType = sourcecode.swift; path = ContentView.swift; sourceTree = "<group>"; };
		95DBF1DD24AA07A80009DD0A /* Assets.xcassets */ = {isa = PBXFileReference; lastKnownFileType = folder.assetcatalog; path = Assets.xcassets; sourceTree = "<group>"; };
		95DBF1E024AA07A80009DD0A /* Preview Assets.xcassets */ = {isa = PBXFileReference; lastKnownFileType = folder.assetcatalog; path = "Preview Assets.xcassets"; sourceTree = "<group>"; };
		95DBF1E224AA07A80009DD0A /* Info.plist */ = {isa = PBXFileReference; lastKnownFileType = text.plist.xml; path = Info.plist; sourceTree = "<group>"; };
		95DBF1E924AA07E30009DD0A /* CountingCharsInTextField.swift */ = {isa = PBXFileReference; lastKnownFileType = sourcecode.swift; path = CountingCharsInTextField.swift; sourceTree = "<group>"; };
		95DBF1EB24AA0BF30009DD0A /* PlanetOrbitGeometryEffect.swift */ = {isa = PBXFileReference; lastKnownFileType = sourcecode.swift; path = PlanetOrbitGeometryEffect.swift; sourceTree = "<group>"; };
		95DBF1ED24AA15FF0009DD0A /* ShakeGeometryEffect.swift */ = {isa = PBXFileReference; lastKnownFileType = sourcecode.swift; path = ShakeGeometryEffect.swift; sourceTree = "<group>"; };
		95DBF1F024AA23510009DD0A /* CreateHyperLinks.swift */ = {isa = PBXFileReference; lastKnownFileType = sourcecode.swift; path = CreateHyperLinks.swift; sourceTree = "<group>"; };
/* End PBXFileReference section */

/* Begin PBXFrameworksBuildPhase section */
		95DBF1D324AA07A60009DD0A /* Frameworks */ = {
			isa = PBXFrameworksBuildPhase;
			buildActionMask = 2147483647;
			files = (
			);
			runOnlyForDeploymentPostprocessing = 0;
		};
/* End PBXFrameworksBuildPhase section */

/* Begin PBXGroup section */
		95DBF1CD24AA07A60009DD0A = {
			isa = PBXGroup;
			children = (
				95DBF1D824AA07A60009DD0A /* SwiftUIPlayList */,
				95DBF1D724AA07A60009DD0A /* Products */,
			);
			sourceTree = "<group>";
		};
		95DBF1D724AA07A60009DD0A /* Products */ = {
			isa = PBXGroup;
			children = (
				95DBF1D624AA07A60009DD0A /* SwiftUIPlayList.app */,
			);
			name = Products;
			sourceTree = "<group>";
		};
		95DBF1D824AA07A60009DD0A /* SwiftUIPlayList */ = {
			isa = PBXGroup;
			children = (
				95DBF1EF24AA232D0009DD0A /* CodingLinks */,
				95DBF1E824AA07B10009DD0A /* SubViews */,
				95DBF1D924AA07A60009DD0A /* SwiftUIPlayListApp.swift */,
				95DBF1DB24AA07A60009DD0A /* ContentView.swift */,
				95DBF1DD24AA07A80009DD0A /* Assets.xcassets */,
				95DBF1E224AA07A80009DD0A /* Info.plist */,
				95DBF1DF24AA07A80009DD0A /* Preview Content */,
			);
			path = SwiftUIPlayList;
			sourceTree = "<group>";
		};
		95DBF1DF24AA07A80009DD0A /* Preview Content */ = {
			isa = PBXGroup;
			children = (
				95DBF1E024AA07A80009DD0A /* Preview Assets.xcassets */,
			);
			path = "Preview Content";
			sourceTree = "<group>";
		};
		95DBF1E824AA07B10009DD0A /* SubViews */ = {
			isa = PBXGroup;
			children = (
				95DBF1E924AA07E30009DD0A /* CountingCharsInTextField.swift */,
				95DBF1EB24AA0BF30009DD0A /* PlanetOrbitGeometryEffect.swift */,
				95DBF1ED24AA15FF0009DD0A /* ShakeGeometryEffect.swift */,
			);
			path = SubViews;
			sourceTree = "<group>";
		};
		95DBF1EF24AA232D0009DD0A /* CodingLinks */ = {
			isa = PBXGroup;
			children = (
				95DBF1F024AA23510009DD0A /* CreateHyperLinks.swift */,
			);
			path = CodingLinks;
			sourceTree = "<group>";
		};
/* End PBXGroup section */

/* Begin PBXNativeTarget section */
		95DBF1D524AA07A60009DD0A /* SwiftUIPlayList */ = {
			isa = PBXNativeTarget;
			buildConfigurationList = 95DBF1E524AA07A80009DD0A /* Build configuration list for PBXNativeTarget "SwiftUIPlayList" */;
			buildPhases = (
				95DBF1D224AA07A60009DD0A /* Sources */,
				95DBF1D324AA07A60009DD0A /* Frameworks */,
				95DBF1D424AA07A60009DD0A /* Resources */,
			);
			buildRules = (
			);
			dependencies = (
			);
			name = SwiftUIPlayList;
			productName = SwiftUIPlayList;
			productReference = 95DBF1D624AA07A60009DD0A /* SwiftUIPlayList.app */;
			productType = "com.apple.product-type.application";
		};
/* End PBXNativeTarget section */

/* Begin PBXProject section */
		95DBF1CE24AA07A60009DD0A /* Project object */ = {
			isa = PBXProject;
			attributes = {
				LastSwiftUpdateCheck = 1200;
				LastUpgradeCheck = 1200;
				TargetAttributes = {
					95DBF1D524AA07A60009DD0A = {
						CreatedOnToolsVersion = 12.0;
					};
				};
			};
			buildConfigurationList = 95DBF1D124AA07A60009DD0A /* Build configuration list for PBXProject "SwiftUIPlayList" */;
			compatibilityVersion = "Xcode 9.3";
			developmentRegion = en;
			hasScannedForEncodings = 0;
			knownRegions = (
				en,
				Base,
			);
			mainGroup = 95DBF1CD24AA07A60009DD0A;
			productRefGroup = 95DBF1D724AA07A60009DD0A /* Products */;
			projectDirPath = "";
			projectRoot = "";
			targets = (
				95DBF1D524AA07A60009DD0A /* SwiftUIPlayList */,
			);
		};
/* End PBXProject section */

/* Begin PBXResourcesBuildPhase section */
		95DBF1D424AA07A60009DD0A /* Resources */ = {
			isa = PBXResourcesBuildPhase;
			buildActionMask = 2147483647;
			files = (
				95DBF1E124AA07A80009DD0A /* Preview Assets.xcassets in Resources */,
				95DBF1DE24AA07A80009DD0A /* Assets.xcassets in Resources */,
			);
			runOnlyForDeploymentPostprocessing = 0;
		};
/* End PBXResourcesBuildPhase section */

/* Begin PBXSourcesBuildPhase section */
		95DBF1D224AA07A60009DD0A /* Sources */ = {
			isa = PBXSourcesBuildPhase;
			buildActionMask = 2147483647;
			files = (
				95DBF1EE24AA15FF0009DD0A /* ShakeGeometryEffect.swift in Sources */,
				95DBF1EA24AA07E30009DD0A /* CountingCharsInTextField.swift in Sources */,
				95DBF1DC24AA07A60009DD0A /* ContentView.swift in Sources */,
				95DBF1DA24AA07A60009DD0A /* SwiftUIPlayListApp.swift in Sources */,
				95DBF1F124AA23510009DD0A /* CreateHyperLinks.swift in Sources */,
				95DBF1EC24AA0BF30009DD0A /* PlanetOrbitGeometryEffect.swift in Sources */,
			);
			runOnlyForDeploymentPostprocessing = 0;
		};
/* End PBXSourcesBuildPhase section */

/* Begin XCBuildConfiguration section */
		95DBF1E324AA07A80009DD0A /* Debug */ = {
			isa = XCBuildConfiguration;
			buildSettings = {
				ALWAYS_SEARCH_USER_PATHS = NO;
				CLANG_ANALYZER_NONNULL = YES;
				CLANG_ANALYZER_NUMBER_OBJECT_CONVERSION = YES_AGGRESSIVE;
				CLANG_CXX_LANGUAGE_STANDARD = "gnu++14";
				CLANG_CXX_LIBRARY = "libc++";
				CLANG_ENABLE_MODULES = YES;
				CLANG_ENABLE_OBJC_ARC = YES;
				CLANG_ENABLE_OBJC_WEAK = YES;
				CLANG_WARN_BLOCK_CAPTURE_AUTORELEASING = YES;
				CLANG_WARN_BOOL_CONVERSION = YES;
				CLANG_WARN_COMMA = YES;
				CLANG_WARN_CONSTANT_CONVERSION = YES;
				CLANG_WARN_DEPRECATED_OBJC_IMPLEMENTATIONS = YES;
				CLANG_WARN_DIRECT_OBJC_ISA_USAGE = YES_ERROR;
				CLANG_WARN_DOCUMENTATION_COMMENTS = YES;
				CLANG_WARN_EMPTY_BODY = YES;
				CLANG_WARN_ENUM_CONVERSION = YES;
				CLANG_WARN_INFINITE_RECURSION = YES;
				CLANG_WARN_INT_CONVERSION = YES;
				CLANG_WARN_NON_LITERAL_NULL_CONVERSION = YES;
				CLANG_WARN_OBJC_IMPLICIT_RETAIN_SELF = YES;
				CLANG_WARN_OBJC_LITERAL_CONVERSION = YES;
				CLANG_WARN_OBJC_ROOT_CLASS = YES_ERROR;
				CLANG_WARN_QUOTED_INCLUDE_IN_FRAMEWORK_HEADER = YES;
				CLANG_WARN_RANGE_LOOP_ANALYSIS = YES;
				CLANG_WARN_STRICT_PROTOTYPES = YES;
				CLANG_WARN_SUSPICIOUS_MOVE = YES;
				CLANG_WARN_UNGUARDED_AVAILABILITY = YES_AGGRESSIVE;
				CLANG_WARN_UNREACHABLE_CODE = YES;
				CLANG_WARN__DUPLICATE_METHOD_MATCH = YES;
				COPY_PHASE_STRIP = NO;
				DEBUG_INFORMATION_FORMAT = dwarf;
				ENABLE_STRICT_OBJC_MSGSEND = YES;
				ENABLE_TESTABILITY = YES;
				GCC_C_LANGUAGE_STANDARD = gnu11;
				GCC_DYNAMIC_NO_PIC = NO;
				GCC_NO_COMMON_BLOCKS = YES;
				GCC_OPTIMIZATION_LEVEL = 0;
				GCC_PREPROCESSOR_DEFINITIONS = (
					"DEBUG=1",
					"$(inherited)",
				);
				GCC_WARN_64_TO_32_BIT_CONVERSION = YES;
				GCC_WARN_ABOUT_RETURN_TYPE = YES_ERROR;
				GCC_WARN_UNDECLARED_SELECTOR = YES;
				GCC_WARN_UNINITIALIZED_AUTOS = YES_AGGRESSIVE;
				GCC_WARN_UNUSED_FUNCTION = YES;
				GCC_WARN_UNUSED_VARIABLE = YES;
				IPHONEOS_DEPLOYMENT_TARGET = 14.0;
				MTL_ENABLE_DEBUG_INFO = INCLUDE_SOURCE;
				MTL_FAST_MATH = YES;
				ONLY_ACTIVE_ARCH = YES;
				SDKROOT = iphoneos;
				SWIFT_ACTIVE_COMPILATION_CONDITIONS = DEBUG;
				SWIFT_OPTIMIZATION_LEVEL = "-Onone";
			};
			name = Debug;
		};
		95DBF1E424AA07A80009DD0A /* Release */ = {
			isa = XCBuildConfiguration;
			buildSettings = {
				ALWAYS_SEARCH_USER_PATHS = NO;
				CLANG_ANALYZER_NONNULL = YES;
				CLANG_ANALYZER_NUMBER_OBJECT_CONVERSION = YES_AGGRESSIVE;
				CLANG_CXX_LANGUAGE_STANDARD = "gnu++14";
				CLANG_CXX_LIBRARY = "libc++";
				CLANG_ENABLE_MODULES = YES;
				CLANG_ENABLE_OBJC_ARC = YES;
				CLANG_ENABLE_OBJC_WEAK = YES;
				CLANG_WARN_BLOCK_CAPTURE_AUTORELEASING = YES;
				CLANG_WARN_BOOL_CONVERSION = YES;
				CLANG_WARN_COMMA = YES;
				CLANG_WARN_CONSTANT_CONVERSION = YES;
				CLANG_WARN_DEPRECATED_OBJC_IMPLEMENTATIONS = YES;
				CLANG_WARN_DIRECT_OBJC_ISA_USAGE = YES_ERROR;
				CLANG_WARN_DOCUMENTATION_COMMENTS = YES;
				CLANG_WARN_EMPTY_BODY = YES;
				CLANG_WARN_ENUM_CONVERSION = YES;
				CLANG_WARN_INFINITE_RECURSION = YES;
				CLANG_WARN_INT_CONVERSION = YES;
				CLANG_WARN_NON_LITERAL_NULL_CONVERSION = YES;
				CLANG_WARN_OBJC_IMPLICIT_RETAIN_SELF = YES;
				CLANG_WARN_OBJC_LITERAL_CONVERSION = YES;
				CLANG_WARN_OBJC_ROOT_CLASS = YES_ERROR;
				CLANG_WARN_QUOTED_INCLUDE_IN_FRAMEWORK_HEADER = YES;
				CLANG_WARN_RANGE_LOOP_ANALYSIS = YES;
				CLANG_WARN_STRICT_PROTOTYPES = YES;
				CLANG_WARN_SUSPICIOUS_MOVE = YES;
				CLANG_WARN_UNGUARDED_AVAILABILITY = YES_AGGRESSIVE;
				CLANG_WARN_UNREACHABLE_CODE = YES;
				CLANG_WARN__DUPLICATE_METHOD_MATCH = YES;
				COPY_PHASE_STRIP = NO;
				DEBUG_INFORMATION_FORMAT = "dwarf-with-dsym";
				ENABLE_NS_ASSERTIONS = NO;
				ENABLE_STRICT_OBJC_MSGSEND = YES;
				GCC_C_LANGUAGE_STANDARD = gnu11;
				GCC_NO_COMMON_BLOCKS = YES;
				GCC_WARN_64_TO_32_BIT_CONVERSION = YES;
				GCC_WARN_ABOUT_RETURN_TYPE = YES_ERROR;
				GCC_WARN_UNDECLARED_SELECTOR = YES;
				GCC_WARN_UNINITIALIZED_AUTOS = YES_AGGRESSIVE;
				GCC_WARN_UNUSED_FUNCTION = YES;
				GCC_WARN_UNUSED_VARIABLE = YES;
				IPHONEOS_DEPLOYMENT_TARGET = 14.0;
				MTL_ENABLE_DEBUG_INFO = NO;
				MTL_FAST_MATH = YES;
				SDKROOT = iphoneos;
				SWIFT_COMPILATION_MODE = wholemodule;
				SWIFT_OPTIMIZATION_LEVEL = "-O";
				VALIDATE_PRODUCT = YES;
			};
			name = Release;
		};
		95DBF1E624AA07A80009DD0A /* Debug */ = {
			isa = XCBuildConfiguration;
			buildSettings = {
				ASSETCATALOG_COMPILER_APPICON_NAME = AppIcon;
				ASSETCATALOG_COMPILER_GLOBAL_ACCENT_COLOR_NAME = AccentColor;
				CODE_SIGN_STYLE = Automatic;
				DEVELOPMENT_ASSET_PATHS = "\"SwiftUIPlayList/Preview Content\"";
				DEVELOPMENT_TEAM = L8W86DZDY2;
				ENABLE_PREVIEWS = YES;
				INFOPLIST_FILE = SwiftUIPlayList/Info.plist;
				IPHONEOS_DEPLOYMENT_TARGET = 14.0;
				LD_RUNPATH_SEARCH_PATHS = (
					"$(inherited)",
					"@executable_path/Frameworks",
				);
				PRODUCT_BUNDLE_IDENTIFIER = com.ri.SwiftUIPlayList;
				PRODUCT_NAME = "$(TARGET_NAME)";
				SWIFT_VERSION = 5.0;
				TARGETED_DEVICE_FAMILY = "1,2";
			};
			name = Debug;
		};
		95DBF1E724AA07A80009DD0A /* Release */ = {
			isa = XCBuildConfiguration;
			buildSettings = {
				ASSETCATALOG_COMPILER_APPICON_NAME = AppIcon;
				ASSETCATALOG_COMPILER_GLOBAL_ACCENT_COLOR_NAME = AccentColor;
				CODE_SIGN_STYLE = Automatic;
				DEVELOPMENT_ASSET_PATHS = "\"SwiftUIPlayList/Preview Content\"";
				DEVELOPMENT_TEAM = L8W86DZDY2;
				ENABLE_PREVIEWS = YES;
				INFOPLIST_FILE = SwiftUIPlayList/Info.plist;
				IPHONEOS_DEPLOYMENT_TARGET = 14.0;
				LD_RUNPATH_SEARCH_PATHS = (
					"$(inherited)",
					"@executable_path/Frameworks",
				);
				PRODUCT_BUNDLE_IDENTIFIER = com.ri.SwiftUIPlayList;
				PRODUCT_NAME = "$(TARGET_NAME)";
				SWIFT_VERSION = 5.0;
				TARGETED_DEVICE_FAMILY = "1,2";
			};
			name = Release;
		};
/* End XCBuildConfiguration section */

/* Begin XCConfigurationList section */
		95DBF1D124AA07A60009DD0A /* Build configuration list for PBXProject "SwiftUIPlayList" */ = {
			isa = XCConfigurationList;
			buildConfigurations = (
				95DBF1E324AA07A80009DD0A /* Debug */,
				95DBF1E424AA07A80009DD0A /* Release */,
			);
			defaultConfigurationIsVisible = 0;
			defaultConfigurationName = Release;
		};
		95DBF1E524AA07A80009DD0A /* Build configuration list for PBXNativeTarget "SwiftUIPlayList" */ = {
			isa = XCConfigurationList;
			buildConfigurations = (
				95DBF1E624AA07A80009DD0A /* Debug */,
				95DBF1E724AA07A80009DD0A /* Release */,
			);
			defaultConfigurationIsVisible = 0;
			defaultConfigurationName = Release;
		};
/* End XCConfigurationList section */
	};
	rootObject = 95DBF1CE24AA07A60009DD0A /* Project object */;
}
